
Microsoft Visual Studio Solution File, Format Version 12.00
# Visual Studio Version 16
VisualStudioVersion = 16.0.30717.126
MinimumVisualStudioVersion = 10.0.40219.1
Project("{8BC9CEB8-8B4A-11D0-8D11-00A0C91BC942}") = "cis17aHW_10b", "cis17aHW_10b\cis17aHW_10b.vcxproj", "{6143819E-CA60-4E3C-AADB-06EE0E111186}"
EndProject
Global
	GlobalSection(SolutionConfigurationPlatforms) = preSolution
		Debug|x64 = Debug|x64
		Debug|x86 = Debug|x86
		Release|x64 = Release|x64
		Release|x86 = Release|x86
	EndGlobalSection
	GlobalSection(ProjectConfigurationPlatforms) = postSolution
		{6143819E-CA60-4E3C-AADB-06EE0E111186}.Debug|x64.ActiveCfg = Debug|x64
		{6143819E-CA60-4E3C-AADB-06EE0E111186}.Debug|x64.Build.0 = Debug|x64
		{6143819E-CA60-4E3C-AADB-06EE0E111186}.Debug|x86.ActiveCfg = Debug|Win32
		{6143819E-CA60-4E3C-AADB-06EE0E111186}.Debug|x86.Build.0 = Debug|Win32
		{6143819E-CA60-4E3C-AADB-06EE0E111186}.Release|x64.ActiveCfg = Release|x64
		{6143819E-CA60-4E3C-AADB-06EE0E111186}.Release|x64.Build.0 = Release|x64
		{6143819E-CA60-4E3C-AADB-06EE0E111186}.Release|x86.ActiveCfg = Release|Win32
		{6143819E-CA60-4E3C-AADB-06EE0E111186}.Release|x86.Build.0 = Release|Win32
	EndGlobalSection
	GlobalSection(SolutionProperties) = preSolution
		HideSolutionNode = FALSE
	EndGlobalSection
	GlobalSection(ExtensibilityGlobals) = postSolution
		SolutionGuid = {6F226ACA-60B9-4DB6-B0EA-F8FBA6AE6975}
	EndGlobalSection
EndGlobal
